// !$*UTF8*$!
{
	archiveVersion = 1;
	classes = {
	};
	objectVersion = 48;
	objects = {

/* Begin PBXBuildFile section */
		B6F2F99F203EA332009AEC52 /* AppDelegate.m in Sources */ = {isa = PBXBuildFile; fileRef = B6F2F99E203EA332009AEC52 /* AppDelegate.m */; };
		B6F2F9A2203EA332009AEC52 /* ViewController.m in Sources */ = {isa = PBXBuildFile; fileRef = B6F2F9A1203EA332009AEC52 /* ViewController.m */; };
		B6F2F9A5203EA332009AEC52 /* Main.storyboard in Resources */ = {isa = PBXBuildFile; fileRef = B6F2F9A3203EA332009AEC52 /* Main.storyboard */; };
		B6F2F9A7203EA332009AEC52 /* Assets.xcassets in Resources */ = {isa = PBXBuildFile; fileRef = B6F2F9A6203EA332009AEC52 /* Assets.xcassets */; };
		B6F2F9AA203EA332009AEC52 /* LaunchScreen.storyboard in Resources */ = {isa = PBXBuildFile; fileRef = B6F2F9A8203EA332009AEC52 /* LaunchScreen.storyboard */; };
		B6F2F9AD203EA332009AEC52 /* main.m in Sources */ = {isa = PBXBuildFile; fileRef = B6F2F9AC203EA332009AEC52 /* main.m */; };
		B6F2F9B7203EA332009AEC52 /* GQAutoCarouselViewDemoTests.m in Sources */ = {isa = PBXBuildFile; fileRef = B6F2F9B6203EA332009AEC52 /* GQAutoCarouselViewDemoTests.m */; };
		B6F2F9C2203EA332009AEC52 /* GQAutoCarouselViewDemoUITests.m in Sources */ = {isa = PBXBuildFile; fileRef = B6F2F9C1203EA332009AEC52 /* GQAutoCarouselViewDemoUITests.m */; };
		B6F2F9D2203EA382009AEC52 /* GQAutoCarouselView.m in Sources */ = {isa = PBXBuildFile; fileRef = B6F2F9D1203EA382009AEC52 /* GQAutoCarouselView.m */; };
		B6F2FA1C203EB785009AEC52 /* GQTimer.m in Sources */ = {isa = PBXBuildFile; fileRef = B6F2FA1B203EB785009AEC52 /* GQTimer.m */; };
/* End PBXBuildFile section */

/* Begin PBXContainerItemProxy section */
		B6F2F9B3203EA332009AEC52 /* PBXContainerItemProxy */ = {
			isa = PBXContainerItemProxy;
			containerPortal = B6F2F992203EA331009AEC52 /* Project object */;
			proxyType = 1;
			remoteGlobalIDString = B6F2F999203EA331009AEC52;
			remoteInfo = GQAutoCarouselViewDemo;
		};
		B6F2F9BE203EA332009AEC52 /* PBXContainerItemProxy */ = {
			isa = PBXContainerItemProxy;
			containerPortal = B6F2F992203EA331009AEC52 /* Project object */;
			proxyType = 1;
			remoteGlobalIDString = B6F2F999203EA331009AEC52;
			remoteInfo = GQAutoCarouselViewDemo;
		};
/* End PBXContainerItemProxy section */

/* Begin PBXFileReference section */
		B6F2F99A203EA331009AEC52 /* GQAutoCarouselViewDemo.app */ = {isa = PBXFileReference; explicitFileType = wrapper.application; includeInIndex = 0; path = GQAutoCarouselViewDemo.app; sourceTree = BUILT_PRODUCTS_DIR; };
		B6F2F99D203EA332009AEC52 /* AppDelegate.h */ = {isa = PBXFileReference; lastKnownFileType = sourcecode.c.h; path = AppDelegate.h; sourceTree = "<group>"; };
		B6F2F99E203EA332009AEC52 /* AppDelegate.m */ = {isa = PBXFileReference; lastKnownFileType = sourcecode.c.objc; path = AppDelegate.m; sourceTree = "<group>"; };
		B6F2F9A0203EA332009AEC52 /* ViewController.h */ = {isa = PBXFileReference; lastKnownFileType = sourcecode.c.h; path = ViewController.h; sourceTree = "<group>"; };
		B6F2F9A1203EA332009AEC52 /* ViewController.m */ = {isa = PBXFileReference; lastKnownFileType = sourcecode.c.objc; path = ViewController.m; sourceTree = "<group>"; };
		B6F2F9A4203EA332009AEC52 /* Base */ = {isa = PBXFileReference; lastKnownFileType = file.storyboard; name = Base; path = Base.lproj/Main.storyboard; sourceTree = "<group>"; };
		B6F2F9A6203EA332009AEC52 /* Assets.xcassets */ = {isa = PBXFileReference; lastKnownFileType = folder.assetcatalog; path = Assets.xcassets; sourceTree = "<group>"; };
		B6F2F9A9203EA332009AEC52 /* Base */ = {isa = PBXFileReference; lastKnownFileType = file.storyboard; name = Base; path = Base.lproj/LaunchScreen.storyboard; sourceTree = "<group>"; };
		B6F2F9AB203EA332009AEC52 /* Info.plist */ = {isa = PBXFileReference; lastKnownFileType = text.plist.xml; path = Info.plist; sourceTree = "<group>"; };
		B6F2F9AC203EA332009AEC52 /* main.m */ = {isa = PBXFileReference; lastKnownFileType = sourcecode.c.objc; path = main.m; sourceTree = "<group>"; };
		B6F2F9B2203EA332009AEC52 /* GQAutoCarouselViewDemoTests.xctest */ = {isa = PBXFileReference; explicitFileType = wrapper.cfbundle; includeInIndex = 0; path = GQAutoCarouselViewDemoTests.xctest; sourceTree = BUILT_PRODUCTS_DIR; };
		B6F2F9B6203EA332009AEC52 /* GQAutoCarouselViewDemoTests.m */ = {isa = PBXFileReference; lastKnownFileType = sourcecode.c.objc; path = GQAutoCarouselViewDemoTests.m; sourceTree = "<group>"; };
		B6F2F9B8203EA332009AEC52 /* Info.plist */ = {isa = PBXFileReference; lastKnownFileType = text.plist.xml; path = Info.plist; sourceTree = "<group>"; };
		B6F2F9BD203EA332009AEC52 /* GQAutoCarouselViewDemoUITests.xctest */ = {isa = PBXFileReference; explicitFileType = wrapper.cfbundle; includeInIndex = 0; path = GQAutoCarouselViewDemoUITests.xctest; sourceTree = BUILT_PRODUCTS_DIR; };
		B6F2F9C1203EA332009AEC52 /* GQAutoCarouselViewDemoUITests.m */ = {isa = PBXFileReference; lastKnownFileType = sourcecode.c.objc; path = GQAutoCarouselViewDemoUITests.m; sourceTree = "<group>"; };
		B6F2F9C3203EA332009AEC52 /* Info.plist */ = {isa = PBXFileReference; lastKnownFileType = text.plist.xml; path = Info.plist; sourceTree = "<group>"; };
		B6F2F9D0203EA382009AEC52 /* GQAutoCarouselView.h */ = {isa = PBXFileReference; lastKnownFileType = sourcecode.c.h; path = GQAutoCarouselView.h; sourceTree = "<group>"; };
		B6F2F9D1203EA382009AEC52 /* GQAutoCarouselView.m */ = {isa = PBXFileReference; lastKnownFileType = sourcecode.c.objc; path = GQAutoCarouselView.m; sourceTree = "<group>"; };
		B6F2FA1A203EB785009AEC52 /* GQTimer.h */ = {isa = PBXFileReference; fileEncoding = 4; lastKnownFileType = sourcecode.c.h; path = GQTimer.h; sourceTree = "<group>"; };
		B6F2FA1B203EB785009AEC52 /* GQTimer.m */ = {isa = PBXFileReference; fileEncoding = 4; lastKnownFileType = sourcecode.c.objc; path = GQTimer.m; sourceTree = "<group>"; };
/* End PBXFileReference section */

/* Begin PBXFrameworksBuildPhase section */
		B6F2F997203EA331009AEC52 /* Frameworks */ = {
			isa = PBXFrameworksBuildPhase;
			buildActionMask = 2147483647;
			files = (
			);
			runOnlyForDeploymentPostprocessing = 0;
		};
		B6F2F9AF203EA332009AEC52 /* Frameworks */ = {
			isa = PBXFrameworksBuildPhase;
			buildActionMask = 2147483647;
			files = (
			);
			runOnlyForDeploymentPostprocessing = 0;
		};
		B6F2F9BA203EA332009AEC52 /* Frameworks */ = {
			isa = PBXFrameworksBuildPhase;
			buildActionMask = 2147483647;
			files = (
			);
			runOnlyForDeploymentPostprocessing = 0;
		};
/* End PBXFrameworksBuildPhase section */

/* Begin PBXGroup section */
		B6F2F991203EA331009AEC52 = {
			isa = PBXGroup;
			children = (
				B6F2F99C203EA331009AEC52 /* GQAutoCarouselViewDemo */,
				B6F2F9B5203EA332009AEC52 /* GQAutoCarouselViewDemoTests */,
				B6F2F9C0203EA332009AEC52 /* GQAutoCarouselViewDemoUITests */,
				B6F2F99B203EA331009AEC52 /* Products */,
			);
			sourceTree = "<group>";
		};
		B6F2F99B203EA331009AEC52 /* Products */ = {
			isa = PBXGroup;
			children = (
				B6F2F99A203EA331009AEC52 /* GQAutoCarouselViewDemo.app */,
				B6F2F9B2203EA332009AEC52 /* GQAutoCarouselViewDemoTests.xctest */,
				B6F2F9BD203EA332009AEC52 /* GQAutoCarouselViewDemoUITests.xctest */,
			);
			name = Products;
			sourceTree = "<group>";
		};
		B6F2F99C203EA331009AEC52 /* GQAutoCarouselViewDemo */ = {
			isa = PBXGroup;
			children = (
				B6F2FA19203EB785009AEC52 /* GQTimer */,
				B6F2F9CF203EA355009AEC52 /* GQAutoCarouselView */,
				B6F2F99D203EA332009AEC52 /* AppDelegate.h */,
				B6F2F99E203EA332009AEC52 /* AppDelegate.m */,
				B6F2F9A0203EA332009AEC52 /* ViewController.h */,
				B6F2F9A1203EA332009AEC52 /* ViewController.m */,
				B6F2F9A3203EA332009AEC52 /* Main.storyboard */,
				B6F2F9A6203EA332009AEC52 /* Assets.xcassets */,
				B6F2F9A8203EA332009AEC52 /* LaunchScreen.storyboard */,
				B6F2F9AB203EA332009AEC52 /* Info.plist */,
				B6F2F9AC203EA332009AEC52 /* main.m */,
			);
			path = GQAutoCarouselViewDemo;
			sourceTree = "<group>";
		};
		B6F2F9B5203EA332009AEC52 /* GQAutoCarouselViewDemoTests */ = {
			isa = PBXGroup;
			children = (
				B6F2F9B6203EA332009AEC52 /* GQAutoCarouselViewDemoTests.m */,
				B6F2F9B8203EA332009AEC52 /* Info.plist */,
			);
			path = GQAutoCarouselViewDemoTests;
			sourceTree = "<group>";
		};
		B6F2F9C0203EA332009AEC52 /* GQAutoCarouselViewDemoUITests */ = {
			isa = PBXGroup;
			children = (
				B6F2F9C1203EA332009AEC52 /* GQAutoCarouselViewDemoUITests.m */,
				B6F2F9C3203EA332009AEC52 /* Info.plist */,
			);
			path = GQAutoCarouselViewDemoUITests;
			sourceTree = "<group>";
		};
		B6F2F9CF203EA355009AEC52 /* GQAutoCarouselView */ = {
			isa = PBXGroup;
			children = (
				B6F2F9D0203EA382009AEC52 /* GQAutoCarouselView.h */,
				B6F2F9D1203EA382009AEC52 /* GQAutoCarouselView.m */,
			);
			name = GQAutoCarouselView;
			path = ../../GQAutoCarouselView;
			sourceTree = "<group>";
		};
		B6F2FA19203EB785009AEC52 /* GQTimer */ = {
			isa = PBXGroup;
			children = (
				B6F2FA1A203EB785009AEC52 /* GQTimer.h */,
				B6F2FA1B203EB785009AEC52 /* GQTimer.m */,
			);
			path = GQTimer;
			sourceTree = "<group>";
		};
/* End PBXGroup section */

/* Begin PBXNativeTarget section */
		B6F2F999203EA331009AEC52 /* GQAutoCarouselViewDemo */ = {
			isa = PBXNativeTarget;
			buildConfigurationList = B6F2F9C6203EA332009AEC52 /* Build configuration list for PBXNativeTarget "GQAutoCarouselViewDemo" */;
			buildPhases = (
				B6F2F996203EA331009AEC52 /* Sources */,
				B6F2F997203EA331009AEC52 /* Frameworks */,
				B6F2F998203EA331009AEC52 /* Resources */,
			);
			buildRules = (
			);
			dependencies = (
			);
			name = GQAutoCarouselViewDemo;
			productName = GQAutoCarouselViewDemo;
			productReference = B6F2F99A203EA331009AEC52 /* GQAutoCarouselViewDemo.app */;
			productType = "com.apple.product-type.application";
		};
		B6F2F9B1203EA332009AEC52 /* GQAutoCarouselViewDemoTests */ = {
			isa = PBXNativeTarget;
			buildConfigurationList = B6F2F9C9203EA332009AEC52 /* Build configuration list for PBXNativeTarget "GQAutoCarouselViewDemoTests" */;
			buildPhases = (
				B6F2F9AE203EA332009AEC52 /* Sources */,
				B6F2F9AF203EA332009AEC52 /* Frameworks */,
				B6F2F9B0203EA332009AEC52 /* Resources */,
			);
			buildRules = (
			);
			dependencies = (
				B6F2F9B4203EA332009AEC52 /* PBXTargetDependency */,
			);
			name = GQAutoCarouselViewDemoTests;
			productName = GQAutoCarouselViewDemoTests;
			productReference = B6F2F9B2203EA332009AEC52 /* GQAutoCarouselViewDemoTests.xctest */;
			productType = "com.apple.product-type.bundle.unit-test";
		};
		B6F2F9BC203EA332009AEC52 /* GQAutoCarouselViewDemoUITests */ = {
			isa = PBXNativeTarget;
			buildConfigurationList = B6F2F9CC203EA332009AEC52 /* Build configuration list for PBXNativeTarget "GQAutoCarouselViewDemoUITests" */;
			buildPhases = (
				B6F2F9B9203EA332009AEC52 /* Sources */,
				B6F2F9BA203EA332009AEC52 /* Frameworks */,
				B6F2F9BB203EA332009AEC52 /* Resources */,
			);
			buildRules = (
			);
			dependencies = (
				B6F2F9BF203EA332009AEC52 /* PBXTargetDependency */,
			);
			name = GQAutoCarouselViewDemoUITests;
			productName = GQAutoCarouselViewDemoUITests;
			productReference = B6F2F9BD203EA332009AEC52 /* GQAutoCarouselViewDemoUITests.xctest */;
			productType = "com.apple.product-type.bundle.ui-testing";
		};
/* End PBXNativeTarget section */

/* Begin PBXProject section */
		B6F2F992203EA331009AEC52 /* Project object */ = {
			isa = PBXProject;
			attributes = {
				LastUpgradeCheck = 0910;
				ORGANIZATIONNAME = gaoqi;
				TargetAttributes = {
					B6F2F999203EA331009AEC52 = {
						CreatedOnToolsVersion = 9.1;
						ProvisioningStyle = Automatic;
					};
					B6F2F9B1203EA332009AEC52 = {
						CreatedOnToolsVersion = 9.1;
						ProvisioningStyle = Automatic;
						TestTargetID = B6F2F999203EA331009AEC52;
					};
					B6F2F9BC203EA332009AEC52 = {
						CreatedOnToolsVersion = 9.1;
						ProvisioningStyle = Automatic;
						TestTargetID = B6F2F999203EA331009AEC52;
					};
				};
			};
			buildConfigurationList = B6F2F995203EA331009AEC52 /* Build configuration list for PBXProject "GQAutoCarouselViewDemo" */;
			compatibilityVersion = "Xcode 8.0";
			developmentRegion = en;
			hasScannedForEncodings = 0;
			knownRegions = (
				en,
				Base,
			);
			mainGroup = B6F2F991203EA331009AEC52;
			productRefGroup = B6F2F99B203EA331009AEC52 /* Products */;
			projectDirPath = "";
			projectRoot = "";
			targets = (
				B6F2F999203EA331009AEC52 /* GQAutoCarouselViewDemo */,
				B6F2F9B1203EA332009AEC52 /* GQAutoCarouselViewDemoTests */,
				B6F2F9BC203EA332009AEC52 /* GQAutoCarouselViewDemoUITests */,
			);
		};
/* End PBXProject section */

/* Begin PBXResourcesBuildPhase section */
		B6F2F998203EA331009AEC52 /* Resources */ = {
			isa = PBXResourcesBuildPhase;
			buildActionMask = 2147483647;
			files = (
				B6F2F9AA203EA332009AEC52 /* LaunchScreen.storyboard in Resources */,
				B6F2F9A7203EA332009AEC52 /* Assets.xcassets in Resources */,
				B6F2F9A5203EA332009AEC52 /* Main.storyboard in Resources */,
			);
			runOnlyForDeploymentPostprocessing = 0;
		};
		B6F2F9B0203EA332009AEC52 /* Resources */ = {
			isa = PBXResourcesBuildPhase;
			buildActionMask = 2147483647;
			files = (
			);
			runOnlyForDeploymentPostprocessing = 0;
		};
		B6F2F9BB203EA332009AEC52 /* Resources */ = {
			isa = PBXResourcesBuildPhase;
			buildActionMask = 2147483647;
			files = (
			);
			runOnlyForDeploymentPostprocessing = 0;
		};
/* End PBXResourcesBuildPhase section */

/* Begin PBXSourcesBuildPhase section */
		B6F2F996203EA331009AEC52 /* Sources */ = {
			isa = PBXSourcesBuildPhase;
			buildActionMask = 2147483647;
			files = (
				B6F2FA1C203EB785009AEC52 /* GQTimer.m in Sources */,
				B6F2F9A2203EA332009AEC52 /* ViewController.m in Sources */,
				B6F2F9D2203EA382009AEC52 /* GQAutoCarouselView.m in Sources */,
				B6F2F9AD203EA332009AEC52 /* main.m in Sources */,
				B6F2F99F203EA332009AEC52 /* AppDelegate.m in Sources */,
			);
			runOnlyForDeploymentPostprocessing = 0;
		};
		B6F2F9AE203EA332009AEC52 /* Sources */ = {
			isa = PBXSourcesBuildPhase;
			buildActionMask = 2147483647;
			files = (
				B6F2F9B7203EA332009AEC52 /* GQAutoCarouselViewDemoTests.m in Sources */,
			);
			runOnlyForDeploymentPostprocessing = 0;
		};
		B6F2F9B9203EA332009AEC52 /* Sources */ = {
			isa = PBXSourcesBuildPhase;
			buildActionMask = 2147483647;
			files = (
				B6F2F9C2203EA332009AEC52 /* GQAutoCarouselViewDemoUITests.m in Sources */,
			);
			runOnlyForDeploymentPostprocessing = 0;
		};
/* End PBXSourcesBuildPhase section */

/* Begin PBXTargetDependency section */
		B6F2F9B4203EA332009AEC52 /* PBXTargetDependency */ = {
			isa = PBXTargetDependency;
			target = B6F2F999203EA331009AEC52 /* GQAutoCarouselViewDemo */;
			targetProxy = B6F2F9B3203EA332009AEC52 /* PBXContainerItemProxy */;
		};
		B6F2F9BF203EA332009AEC52 /* PBXTargetDependency */ = {
			isa = PBXTargetDependency;
			target = B6F2F999203EA331009AEC52 /* GQAutoCarouselViewDemo */;
			targetProxy = B6F2F9BE203EA332009AEC52 /* PBXContainerItemProxy */;
		};
/* End PBXTargetDependency section */

/* Begin PBXVariantGroup section */
		B6F2F9A3203EA332009AEC52 /* Main.storyboard */ = {
			isa = PBXVariantGroup;
			children = (
				B6F2F9A4203EA332009AEC52 /* Base */,
			);
			name = Main.storyboard;
			sourceTree = "<group>";
		};
		B6F2F9A8203EA332009AEC52 /* LaunchScreen.storyboard */ = {
			isa = PBXVariantGroup;
			children = (
				B6F2F9A9203EA332009AEC52 /* Base */,
			);
			name = LaunchScreen.storyboard;
			sourceTree = "<group>";
		};
/* End PBXVariantGroup section */

/* Begin XCBuildConfiguration section */
		B6F2F9C4203EA332009AEC52 /* Debug */ = {
			isa = XCBuildConfiguration;
			buildSettings = {
				ALWAYS_SEARCH_USER_PATHS = NO;
				CLANG_ANALYZER_NONNULL = YES;
				CLANG_ANALYZER_NUMBER_OBJECT_CONVERSION = YES_AGGRESSIVE;
				CLANG_CXX_LANGUAGE_STANDARD = "gnu++14";
				CLANG_CXX_LIBRARY = "libc++";
				CLANG_ENABLE_MODULES = YES;
				CLANG_ENABLE_OBJC_ARC = YES;
				CLANG_WARN_BLOCK_CAPTURE_AUTORELEASING = YES;
				CLANG_WARN_BOOL_CONVERSION = YES;
				CLANG_WARN_COMMA = YES;
				CLANG_WARN_CONSTANT_CONVERSION = YES;
				CLANG_WARN_DIRECT_OBJC_ISA_USAGE = YES_ERROR;
				CLANG_WARN_DOCUMENTATION_COMMENTS = YES;
				CLANG_WARN_EMPTY_BODY = YES;
				CLANG_WARN_ENUM_CONVERSION = YES;
				CLANG_WARN_INFINITE_RECURSION = YES;
				CLANG_WARN_INT_CONVERSION = YES;
				CLANG_WARN_NON_LITERAL_NULL_CONVERSION = YES;
				CLANG_WARN_OBJC_LITERAL_CONVERSION = YES;
				CLANG_WARN_OBJC_ROOT_CLASS = YES_ERROR;
				CLANG_WARN_RANGE_LOOP_ANALYSIS = YES;
				CLANG_WARN_STRICT_PROTOTYPES = YES;
				CLANG_WARN_SUSPICIOUS_MOVE = YES;
				CLANG_WARN_UNGUARDED_AVAILABILITY = YES_AGGRESSIVE;
				CLANG_WARN_UNREACHABLE_CODE = YES;
				CLANG_WARN__DUPLICATE_METHOD_MATCH = YES;
				CODE_SIGN_IDENTITY = "iPhone Developer";
				COPY_PHASE_STRIP = NO;
				DEBUG_INFORMATION_FORMAT = dwarf;
				ENABLE_STRICT_OBJC_MSGSEND = YES;
				ENABLE_TESTABILITY = YES;
				GCC_C_LANGUAGE_STANDARD = gnu11;
				GCC_DYNAMIC_NO_PIC = NO;
				GCC_NO_COMMON_BLOCKS = YES;
				GCC_OPTIMIZATION_LEVEL = 0;
				GCC_PREPROCESSOR_DEFINITIONS = (
					"DEBUG=1",
					"$(inherited)",
				);
				GCC_WARN_64_TO_32_BIT_CONVERSION = YES;
				GCC_WARN_ABOUT_RETURN_TYPE = YES_ERROR;
				GCC_WARN_UNDECLARED_SELECTOR = YES;
				GCC_WARN_UNINITIALIZED_AUTOS = YES_AGGRESSIVE;
				GCC_WARN_UNUSED_FUNCTION = YES;
				GCC_WARN_UNUSED_VARIABLE = YES;
				IPHONEOS_DEPLOYMENT_TARGET = 11.1;
				MTL_ENABLE_DEBUG_INFO = YES;
				ONLY_ACTIVE_ARCH = YES;
				SDKROOT = iphoneos;
			};
			name = Debug;
		};
		B6F2F9C5203EA332009AEC52 /* Release */ = {
			isa = XCBuildConfiguration;
			buildSettings = {
				ALWAYS_SEARCH_USER_PATHS = NO;
				CLANG_ANALYZER_NONNULL = YES;
				CLANG_ANALYZER_NUMBER_OBJECT_CONVERSION = YES_AGGRESSIVE;
				CLANG_CXX_LANGUAGE_STANDARD = "gnu++14";
				CLANG_CXX_LIBRARY = "libc++";
				CLANG_ENABLE_MODULES = YES;
				CLANG_ENABLE_OBJC_ARC = YES;
				CLANG_WARN_BLOCK_CAPTURE_AUTORELEASING = YES;
				CLANG_WARN_BOOL_CONVERSION = YES;
				CLANG_WARN_COMMA = YES;
				CLANG_WARN_CONSTANT_CONVERSION = YES;
				CLANG_WARN_DIRECT_OBJC_ISA_USAGE = YES_ERROR;
				CLANG_WARN_DOCUMENTATION_COMMENTS = YES;
				CLANG_WARN_EMPTY_BODY = YES;
				CLANG_WARN_ENUM_CONVERSION = YES;
				CLANG_WARN_INFINITE_RECURSION = YES;
				CLANG_WARN_INT_CONVERSION = YES;
				CLANG_WARN_NON_LITERAL_NULL_CONVERSION = YES;
				CLANG_WARN_OBJC_LITERAL_CONVERSION = YES;
				CLANG_WARN_OBJC_ROOT_CLASS = YES_ERROR;
				CLANG_WARN_RANGE_LOOP_ANALYSIS = YES;
				CLANG_WARN_STRICT_PROTOTYPES = YES;
				CLANG_WARN_SUSPICIOUS_MOVE = YES;
				CLANG_WARN_UNGUARDED_AVAILABILITY = YES_AGGRESSIVE;
				CLANG_WARN_UNREACHABLE_CODE = YES;
				CLANG_WARN__DUPLICATE_METHOD_MATCH = YES;
				CODE_SIGN_IDENTITY = "iPhone Developer";
				COPY_PHASE_STRIP = NO;
				DEBUG_INFORMATION_FORMAT = "dwarf-with-dsym";
				ENABLE_NS_ASSERTIONS = NO;
				ENABLE_STRICT_OBJC_MSGSEND = YES;
				GCC_C_LANGUAGE_STANDARD = gnu11;
				GCC_NO_COMMON_BLOCKS = YES;
				GCC_WARN_64_TO_32_BIT_CONVERSION = YES;
				GCC_WARN_ABOUT_RETURN_TYPE = YES_ERROR;
				GCC_WARN_UNDECLARED_SELECTOR = YES;
				GCC_WARN_UNINITIALIZED_AUTOS = YES_AGGRESSIVE;
				GCC_WARN_UNUSED_FUNCTION = YES;
				GCC_WARN_UNUSED_VARIABLE = YES;
				IPHONEOS_DEPLOYMENT_TARGET = 11.1;
				MTL_ENABLE_DEBUG_INFO = NO;
				SDKROOT = iphoneos;
				VALIDATE_PRODUCT = YES;
			};
			name = Release;
		};
		B6F2F9C7203EA332009AEC52 /* Debug */ = {
			isa = XCBuildConfiguration;
			buildSettings = {
				ASSETCATALOG_COMPILER_APPICON_NAME = AppIcon;
				CODE_SIGN_STYLE = Automatic;
				INFOPLIST_FILE = GQAutoCarouselViewDemo/Info.plist;
				LD_RUNPATH_SEARCH_PATHS = "$(inherited) @executable_path/Frameworks";
				PRODUCT_BUNDLE_IDENTIFIER = wp.GQAutoCarouselViewDemo;
				PRODUCT_NAME = "$(TARGET_NAME)";
				TARGETED_DEVICE_FAMILY = "1,2";
			};
			name = Debug;
		};
		B6F2F9C8203EA332009AEC52 /* Release */ = {
			isa = XCBuildConfiguration;
			buildSettings = {
				ASSETCATALOG_COMPILER_APPICON_NAME = AppIcon;
				CODE_SIGN_STYLE = Automatic;
				INFOPLIST_FILE = GQAutoCarouselViewDemo/Info.plist;
				LD_RUNPATH_SEARCH_PATHS = "$(inherited) @executable_path/Frameworks";
				PRODUCT_BUNDLE_IDENTIFIER = wp.GQAutoCarouselViewDemo;
				PRODUCT_NAME = "$(TARGET_NAME)";
				TARGETED_DEVICE_FAMILY = "1,2";
			};
			name = Release;
		};
		B6F2F9CA203EA332009AEC52 /* Debug */ = {
			isa = XCBuildConfiguration;
			buildSettings = {
				BUNDLE_LOADER = "$(TEST_HOST)";
				CODE_SIGN_STYLE = Automatic;
				INFOPLIST_FILE = GQAutoCarouselViewDemoTests/Info.plist;
				LD_RUNPATH_SEARCH_PATHS = "$(inherited) @executable_path/Frameworks @loader_path/Frameworks";
				PRODUCT_BUNDLE_IDENTIFIER = wp.GQAutoCarouselViewDemoTests;
				PRODUCT_NAME = "$(TARGET_NAME)";
				TARGETED_DEVICE_FAMILY = "1,2";
				TEST_HOST = "$(BUILT_PRODUCTS_DIR)/GQAutoCarouselViewDemo.app/GQAutoCarouselViewDemo";
			};
			name = Debug;
		};
		B6F2F9CB203EA332009AEC52 /* Release */ = {
			isa = XCBuildConfiguration;
			buildSettings = {
				BUNDLE_LOADER = "$(TEST_HOST)";
				CODE_SIGN_STYLE = Automatic;
				INFOPLIST_FILE = GQAutoCarouselViewDemoTests/Info.plist;
				LD_RUNPATH_SEARCH_PATHS = "$(inherited) @executable_path/Frameworks @loader_path/Frameworks";
				PRODUCT_BUNDLE_IDENTIFIER = wp.GQAutoCarouselViewDemoTests;
				PRODUCT_NAME = "$(TARGET_NAME)";
				TARGETED_DEVICE_FAMILY = "1,2";
				TEST_HOST = "$(BUILT_PRODUCTS_DIR)/GQAutoCarouselViewDemo.app/GQAutoCarouselViewDemo";
			};
			name = Release;
		};
		B6F2F9CD203EA332009AEC52 /* Debug */ = {
			isa = XCBuildConfiguration;
			buildSettings = {
				CODE_SIGN_STYLE = Automatic;
				INFOPLIST_FILE = GQAutoCarouselViewDemoUITests/Info.plist;
				LD_RUNPATH_SEARCH_PATHS = "$(inherited) @executable_path/Frameworks @loader_path/Frameworks";
				PRODUCT_BUNDLE_IDENTIFIER = wp.GQAutoCarouselViewDemoUITests;
				PRODUCT_NAME = "$(TARGET_NAME)";
				TARGETED_DEVICE_FAMILY = "1,2";
				TEST_TARGET_NAME = GQAutoCarouselViewDemo;
			};
			name = Debug;
		};
		B6F2F9CE203EA332009AEC52 /* Release */ = {
			isa = XCBuildConfiguration;
			buildSettings = {
				CODE_SIGN_STYLE = Automatic;
				INFOPLIST_FILE = GQAutoCarouselViewDemoUITests/Info.plist;
				LD_RUNPATH_SEARCH_PATHS = "$(inherited) @executable_path/Frameworks @loader_path/Frameworks";
				PRODUCT_BUNDLE_IDENTIFIER = wp.GQAutoCarouselViewDemoUITests;
				PRODUCT_NAME = "$(TARGET_NAME)";
				TARGETED_DEVICE_FAMILY = "1,2";
				TEST_TARGET_NAME = GQAutoCarouselViewDemo;
			};
			name = Release;
		};
/* End XCBuildConfiguration section */

/* Begin XCConfigurationList section */
		B6F2F995203EA331009AEC52 /* Build configuration list for PBXProject "GQAutoCarouselViewDemo" */ = {
			isa = XCConfigurationList;
			buildConfigurations = (
				B6F2F9C4203EA332009AEC52 /* Debug */,
				B6F2F9C5203EA332009AEC52 /* Release */,
			);
			defaultConfigurationIsVisible = 0;
			defaultConfigurationName = Release;
		};
		B6F2F9C6203EA332009AEC52 /* Build configuration list for PBXNativeTarget "GQAutoCarouselViewDemo" */ = {
			isa = XCConfigurationList;
			buildConfigurations = (
				B6F2F9C7203EA332009AEC52 /* Debug */,
				B6F2F9C8203EA332009AEC52 /* Release */,
			);
			defaultConfigurationIsVisible = 0;
			defaultConfigurationName = Release;
		};
		B6F2F9C9203EA332009AEC52 /* Build configuration list for PBXNativeTarget "GQAutoCarouselViewDemoTests" */ = {
			isa = XCConfigurationList;
			buildConfigurations = (
				B6F2F9CA203EA332009AEC52 /* Debug */,
				B6F2F9CB203EA332009AEC52 /* Release */,
			);
			defaultConfigurationIsVisible = 0;
			defaultConfigurationName = Release;
		};
		B6F2F9CC203EA332009AEC52 /* Build configuration list for PBXNativeTarget "GQAutoCarouselViewDemoUITests" */ = {
			isa = XCConfigurationList;
			buildConfigurations = (
				B6F2F9CD203EA332009AEC52 /* Debug */,
				B6F2F9CE203EA332009AEC52 /* Release */,
			);
			defaultConfigurationIsVisible = 0;
			defaultConfigurationName = Release;
		};
/* End XCConfigurationList section */
	};
	rootObject = B6F2F992203EA331009AEC52 /* Project object */;
}
